
Microsoft Visual Studio Solution File, Format Version 12.00
# Visual Studio 15
VisualStudioVersion = 15.0.27428.2043
MinimumVisualStudioVersion = 10.0.40219.1
Project("{8BC9CEB8-8B4A-11D0-8D11-00A0C91BC942}") = "WaveFileManagerCPP", "WaveFileManagerCPP\WaveFileManagerCPP.vcxproj", "{B6D0C2CA-B876-47DE-84FB-AAA07E546E4B}"
EndProject
Project("{8BC9CEB8-8B4A-11D0-8D11-00A0C91BC942}") = "WaveFileTester", "WaveFileTester\WaveFileTester.vcxproj", "{222A08F3-968F-4FB5-91EC-832B53025EE5}"
EndProject
Project("{FAE04EC0-301F-11D3-BF4B-00C04F79EFBC}") = "WaveFileManagerCS", "WaveFileManagerCS\WaveFileManagerCS.csproj", "{B4A606A0-1FFB-483F-8ACC-0354100DA3C1}"
EndProject
Project("{FAE04EC0-301F-11D3-BF4B-00C04F79EFBC}") = "WaveFileTesterCS", "WaveFileTesterCS\WaveFileTesterCS.csproj", "{F2B2F1B8-7454-44D6-B583-FE590F27F94E}"
EndProject
Global
	GlobalSection(SolutionConfigurationPlatforms) = preSolution
		Debug|Any CPU = Debug|Any CPU
		Debug|x64 = Debug|x64
		Debug|x86 = Debug|x86
		Release|Any CPU = Release|Any CPU
		Release|x64 = Release|x64
		Release|x86 = Release|x86
	EndGlobalSection
	GlobalSection(ProjectConfigurationPlatforms) = postSolution
		{B6D0C2CA-B876-47DE-84FB-AAA07E546E4B}.Debug|Any CPU.ActiveCfg = Debug|Win32
		{B6D0C2CA-B876-47DE-84FB-AAA07E546E4B}.Debug|x64.ActiveCfg = Debug|x64
		{B6D0C2CA-B876-47DE-84FB-AAA07E546E4B}.Debug|x64.Build.0 = Debug|x64
		{B6D0C2CA-B876-47DE-84FB-AAA07E546E4B}.Debug|x86.ActiveCfg = Debug|Win32
		{B6D0C2CA-B876-47DE-84FB-AAA07E546E4B}.Debug|x86.Build.0 = Debug|Win32
		{B6D0C2CA-B876-47DE-84FB-AAA07E546E4B}.Release|Any CPU.ActiveCfg = Release|Win32
		{B6D0C2CA-B876-47DE-84FB-AAA07E546E4B}.Release|x64.ActiveCfg = Release|x64
		{B6D0C2CA-B876-47DE-84FB-AAA07E546E4B}.Release|x64.Build.0 = Release|x64
		{B6D0C2CA-B876-47DE-84FB-AAA07E546E4B}.Release|x86.ActiveCfg = Release|Win32
		{B6D0C2CA-B876-47DE-84FB-AAA07E546E4B}.Release|x86.Build.0 = Release|Win32
		{222A08F3-968F-4FB5-91EC-832B53025EE5}.Debug|Any CPU.ActiveCfg = Debug|Win32
		{222A08F3-968F-4FB5-91EC-832B53025EE5}.Debug|x64.ActiveCfg = Debug|x64
		{222A08F3-968F-4FB5-91EC-832B53025EE5}.Debug|x64.Build.0 = Debug|x64
		{222A08F3-968F-4FB5-91EC-832B53025EE5}.Debug|x86.ActiveCfg = Debug|Win32
		{222A08F3-968F-4FB5-91EC-832B53025EE5}.Debug|x86.Build.0 = Debug|Win32
		{222A08F3-968F-4FB5-91EC-832B53025EE5}.Release|Any CPU.ActiveCfg = Release|Win32
		{222A08F3-968F-4FB5-91EC-832B53025EE5}.Release|x64.ActiveCfg = Release|x64
		{222A08F3-968F-4FB5-91EC-832B53025EE5}.Release|x64.Build.0 = Release|x64
		{222A08F3-968F-4FB5-91EC-832B53025EE5}.Release|x86.ActiveCfg = Release|Win32
		{222A08F3-968F-4FB5-91EC-832B53025EE5}.Release|x86.Build.0 = Release|Win32
		{B4A606A0-1FFB-483F-8ACC-0354100DA3C1}.Debug|Any CPU.ActiveCfg = Debug|Any CPU
		{B4A606A0-1FFB-483F-8ACC-0354100DA3C1}.Debug|Any CPU.Build.0 = Debug|Any CPU
		{B4A606A0-1FFB-483F-8ACC-0354100DA3C1}.Debug|x64.ActiveCfg = Debug|Any CPU
		{B4A606A0-1FFB-483F-8ACC-0354100DA3C1}.Debug|x64.Build.0 = Debug|Any CPU
		{B4A606A0-1FFB-483F-8ACC-0354100DA3C1}.Debug|x86.ActiveCfg = Debug|Any CPU
		{B4A606A0-1FFB-483F-8ACC-0354100DA3C1}.Debug|x86.Build.0 = Debug|Any CPU
		{B4A606A0-1FFB-483F-8ACC-0354100DA3C1}.Release|Any CPU.ActiveCfg = Release|Any CPU
		{B4A606A0-1FFB-483F-8ACC-0354100DA3C1}.Release|Any CPU.Build.0 = Release|Any CPU
		{B4A606A0-1FFB-483F-8ACC-0354100DA3C1}.Release|x64.ActiveCfg = Release|Any CPU
		{B4A606A0-1FFB-483F-8ACC-0354100DA3C1}.Release|x64.Build.0 = Release|Any CPU
		{B4A606A0-1FFB-483F-8ACC-0354100DA3C1}.Release|x86.ActiveCfg = Release|Any CPU
		{B4A606A0-1FFB-483F-8ACC-0354100DA3C1}.Release|x86.Build.0 = Release|Any CPU
		{F2B2F1B8-7454-44D6-B583-FE590F27F94E}.Debug|Any CPU.ActiveCfg = Debug|Any CPU
		{F2B2F1B8-7454-44D6-B583-FE590F27F94E}.Debug|Any CPU.Build.0 = Debug|Any CPU
		{F2B2F1B8-7454-44D6-B583-FE590F27F94E}.Debug|x64.ActiveCfg = Debug|Any CPU
		{F2B2F1B8-7454-44D6-B583-FE590F27F94E}.Debug|x64.Build.0 = Debug|Any CPU
		{F2B2F1B8-7454-44D6-B583-FE590F27F94E}.Debug|x86.ActiveCfg = Debug|Any CPU
		{F2B2F1B8-7454-44D6-B583-FE590F27F94E}.Debug|x86.Build.0 = Debug|Any CPU
		{F2B2F1B8-7454-44D6-B583-FE590F27F94E}.Release|Any CPU.ActiveCfg = Release|Any CPU
		{F2B2F1B8-7454-44D6-B583-FE590F27F94E}.Release|Any CPU.Build.0 = Release|Any CPU
		{F2B2F1B8-7454-44D6-B583-FE590F27F94E}.Release|x64.ActiveCfg = Release|Any CPU
		{F2B2F1B8-7454-44D6-B583-FE590F27F94E}.Release|x64.Build.0 = Release|Any CPU
		{F2B2F1B8-7454-44D6-B583-FE590F27F94E}.Release|x86.ActiveCfg = Release|Any CPU
		{F2B2F1B8-7454-44D6-B583-FE590F27F94E}.Release|x86.Build.0 = Release|Any CPU
	EndGlobalSection
	GlobalSection(SolutionProperties) = preSolution
		HideSolutionNode = FALSE
	EndGlobalSection
	GlobalSection(ExtensibilityGlobals) = postSolution
		SolutionGuid = {4F5D2530-6CB4-4F1F-85FE-20999B0ADB12}
	EndGlobalSection
EndGlobal
